
Microsoft Visual Studio Solution File, Format Version 12.00
# Visual Studio 15
VisualStudioVersion = 15.0.27703.2026
MinimumVisualStudioVersion = 10.0.40219.1
Project("{FAE04EC0-301F-11D3-BF4B-00C04F79EFBC}") = "TheProject.Test", "TheProject.Test\TheProject.Test.csproj", "{E721296F-9A2B-42CD-8E91-E198F0D56D55}"
EndProject
Project("{FAE04EC0-301F-11D3-BF4B-00C04F79EFBC}") = "TheProject", "TheProject\TheProject.csproj", "{E14D0056-FB16-43F6-A6A1-E00198CB4EE8}"
EndProject
Global
	GlobalSection(SolutionConfigurationPlatforms) = preSolution
		Debug|Any CPU = Debug|Any CPU
		Release|Any CPU = Release|Any CPU
	EndGlobalSection
	GlobalSection(ProjectConfigurationPlatforms) = postSolution
		{E721296F-9A2B-42CD-8E91-E198F0D56D55}.Debug|Any CPU.ActiveCfg = Debug|Any CPU
		{E721296F-9A2B-42CD-8E91-E198F0D56D55}.Debug|Any CPU.Build.0 = Debug|Any CPU
		{E721296F-9A2B-42CD-8E91-E198F0D56D55}.Release|Any CPU.ActiveCfg = Release|Any CPU
		{E721296F-9A2B-42CD-8E91-E198F0D56D55}.Release|Any CPU.Build.0 = Release|Any CPU
		{E14D0056-FB16-43F6-A6A1-E00198CB4EE8}.Debug|Any CPU.ActiveCfg = Debug|Any CPU
		{E14D0056-FB16-43F6-A6A1-E00198CB4EE8}.Debug|Any CPU.Build.0 = Debug|Any CPU
		{E14D0056-FB16-43F6-A6A1-E00198CB4EE8}.Release|Any CPU.ActiveCfg = Release|Any CPU
		{E14D0056-FB16-43F6-A6A1-E00198CB4EE8}.Release|Any CPU.Build.0 = Release|Any CPU
	EndGlobalSection
	GlobalSection(SolutionProperties) = preSolution
		HideSolutionNode = FALSE
	EndGlobalSection
	GlobalSection(ExtensibilityGlobals) = postSolution
		SolutionGuid = {75E70BFB-7FCE-44C4-8FA5-CA84FAD7CAAE}
	EndGlobalSection
EndGlobal
